
Microsoft Visual Studio Solution File, Format Version 12.00
# Visual Studio Version 16
VisualStudioVersion = 16.0.29728.190
MinimumVisualStudioVersion = 10.0.40219.1
Project("{FAE04EC0-301F-11D3-BF4B-00C04F79EFBC}") = "DeptBook", "DeptBook\DeptBook.csproj", "{A821470B-F998-46B7-AB66-0368BCED18DC}"
EndProject
Global
	GlobalSection(SolutionConfigurationPlatforms) = preSolution
		Debug|Any CPU = Debug|Any CPU
		Release|Any CPU = Release|Any CPU
	EndGlobalSection
	GlobalSection(ProjectConfigurationPlatforms) = postSolution
		{A821470B-F998-46B7-AB66-0368BCED18DC}.Debug|Any CPU.ActiveCfg = Debug|Any CPU
		{A821470B-F998-46B7-AB66-0368BCED18DC}.Debug|Any CPU.Build.0 = Debug|Any CPU
		{A821470B-F998-46B7-AB66-0368BCED18DC}.Release|Any CPU.ActiveCfg = Release|Any CPU
		{A821470B-F998-46B7-AB66-0368BCED18DC}.Release|Any CPU.Build.0 = Release|Any CPU
	EndGlobalSection
	GlobalSection(SolutionProperties) = preSolution
		HideSolutionNode = FALSE
	EndGlobalSection
	GlobalSection(ExtensibilityGlobals) = postSolution
		SolutionGuid = {75F75D3D-C45F-45C9-83D8-387929012438}
	EndGlobalSection
EndGlobal
